// !$*UTF8*$!
{
	archiveVersion = 1;
	classes = {
	};
	objectVersion = 45;
	objects = {

/* Begin PBXBuildFile section */
		6F7AF1B60FB07CE000A69567 /* MLog.h in Headers */ = {isa = PBXBuildFile; fileRef = 6F7AF1B40FB07CE000A69567 /* MLog.h */; };
		6F7AF1B70FB07CE000A69567 /* MLog.m in Sources */ = {isa = PBXBuildFile; fileRef = 6F7AF1B50FB07CE000A69567 /* MLog.m */; };
		6F7AF1CA0FB07E4900A69567 /* Foundation.framework in Frameworks */ = {isa = PBXBuildFile; fileRef = 6F7AF1C90FB07E4900A69567 /* Foundation.framework */; };
		6F7AF1CC0FB07E5E00A69567 /* SenTestingKit.framework in Frameworks */ = {isa = PBXBuildFile; fileRef = 6F7AF1CB0FB07E5E00A69567 /* SenTestingKit.framework */; };
		6F7AF1CF0FB07E8200A69567 /* MLog.m in Sources */ = {isa = PBXBuildFile; fileRef = 6F7AF1B50FB07CE000A69567 /* MLog.m */; };
		6F7AF1D20FB07EAB00A69567 /* FoundationTestsGlobalHeader.m in Sources */ = {isa = PBXBuildFile; fileRef = 6F7AF1D10FB07EAB00A69567 /* FoundationTestsGlobalHeader.m */; };
		6F7AF1D30FB07EAB00A69567 /* FoundationTestsGlobalHeader.h in Headers */ = {isa = PBXBuildFile; fileRef = 6F7AF1D00FB07EAB00A69567 /* FoundationTestsGlobalHeader.h */; };
		6F7AF1D40FB07EAB00A69567 /* FoundationTestsGlobalHeader.m in Sources */ = {isa = PBXBuildFile; fileRef = 6F7AF1D10FB07EAB00A69567 /* FoundationTestsGlobalHeader.m */; };
		6F7AF1EE0FB07FB000A69567 /* NSObjectTestCase.m in Sources */ = {isa = PBXBuildFile; fileRef = 6F7AF1ED0FB07FB000A69567 /* NSObjectTestCase.m */; };
		6F7AF1F60FB0805000A69567 /* FoundationTests.framework in Frameworks */ = {isa = PBXBuildFile; fileRef = 8DC2EF5B0486A6940098B216 /* FoundationTests.framework */; };
		8DC2EF530486A6940098B216 /* InfoPlist.strings in Resources */ = {isa = PBXBuildFile; fileRef = 089C1666FE841158C02AAC07 /* InfoPlist.strings */; };
		8DC2EF570486A6940098B216 /* Cocoa.framework in Frameworks */ = {isa = PBXBuildFile; fileRef = 1058C7B1FEA5585E11CA2CBB /* Cocoa.framework */; };
/* End PBXBuildFile section */

/* Begin PBXContainerItemProxy section */
		6F7AF1C70FB07E3600A69567 /* PBXContainerItemProxy */ = {
			isa = PBXContainerItemProxy;
			containerPortal = 0867D690FE84028FC02AAC07 /* Project object */;
			proxyType = 1;
			remoteGlobalIDString = 8DC2EF4F0486A6940098B216;
			remoteInfo = FoundationTests;
		};
		6F85448A0FC0E67F00AA9710 /* PBXContainerItemProxy */ = {
			isa = PBXContainerItemProxy;
			containerPortal = 0867D690FE84028FC02AAC07 /* Project object */;
			proxyType = 1;
			remoteGlobalIDString = 8DC2EF4F0486A6940098B216;
			remoteInfo = FoundationTests;
		};
/* End PBXContainerItemProxy section */

/* Begin PBXFileReference section */
		0867D69BFE84028FC02AAC07 /* Foundation.framework */ = {isa = PBXFileReference; lastKnownFileType = wrapper.framework; name = Foundation.framework; path = /System/Library/Frameworks/Foundation.framework; sourceTree = "<absolute>"; };
		0867D6A5FE840307C02AAC07 /* AppKit.framework */ = {isa = PBXFileReference; lastKnownFileType = wrapper.framework; name = AppKit.framework; path = /System/Library/Frameworks/AppKit.framework; sourceTree = "<absolute>"; };
		089C1667FE841158C02AAC07 /* English */ = {isa = PBXFileReference; fileEncoding = 10; lastKnownFileType = text.plist.strings; name = English; path = English.lproj/InfoPlist.strings; sourceTree = "<group>"; };
		1058C7B1FEA5585E11CA2CBB /* Cocoa.framework */ = {isa = PBXFileReference; lastKnownFileType = wrapper.framework; name = Cocoa.framework; path = /System/Library/Frameworks/Cocoa.framework; sourceTree = "<absolute>"; };
		32DBCF5E0370ADEE00C91783 /* FoundationTests_Prefix.pch */ = {isa = PBXFileReference; fileEncoding = 4; lastKnownFileType = sourcecode.c.h; path = FoundationTests_Prefix.pch; sourceTree = "<group>"; };
		6F7AF1AC0FB07B1A00A69567 /* SenTestingKit.framework */ = {isa = PBXFileReference; lastKnownFileType = wrapper.framework; name = SenTestingKit.framework; path = Library/Frameworks/SenTestingKit.framework; sourceTree = DEVELOPER_DIR; };
		6F7AF1B40FB07CE000A69567 /* MLog.h */ = {isa = PBXFileReference; fileEncoding = 4; lastKnownFileType = sourcecode.c.h; path = MLog.h; sourceTree = "<group>"; };
		6F7AF1B50FB07CE000A69567 /* MLog.m */ = {isa = PBXFileReference; fileEncoding = 4; lastKnownFileType = sourcecode.c.objc; path = MLog.m; sourceTree = "<group>"; };
		6F7AF1C20FB07E1900A69567 /* Unit Tests.octest */ = {isa = PBXFileReference; explicitFileType = wrapper.cfbundle; includeInIndex = 0; path = "Unit Tests.octest"; sourceTree = BUILT_PRODUCTS_DIR; };
		6F7AF1C30FB07E1900A69567 /* Unit Tests-Info.plist */ = {isa = PBXFileReference; lastKnownFileType = text.plist.xml; path = "Unit Tests-Info.plist"; sourceTree = "<group>"; };
		6F7AF1C90FB07E4900A69567 /* Foundation.framework */ = {isa = PBXFileReference; lastKnownFileType = wrapper.framework; name = Foundation.framework; path = System/Library/Frameworks/Foundation.framework; sourceTree = SDKROOT; };
		6F7AF1CB0FB07E5E00A69567 /* SenTestingKit.framework */ = {isa = PBXFileReference; lastKnownFileType = wrapper.framework; name = SenTestingKit.framework; path = Library/Frameworks/SenTestingKit.framework; sourceTree = DEVELOPER_DIR; };
		6F7AF1D00FB07EAB00A69567 /* FoundationTestsGlobalHeader.h */ = {isa = PBXFileReference; fileEncoding = 4; lastKnownFileType = sourcecode.c.h; path = FoundationTestsGlobalHeader.h; sourceTree = "<group>"; };
		6F7AF1D10FB07EAB00A69567 /* FoundationTestsGlobalHeader.m */ = {isa = PBXFileReference; fileEncoding = 4; lastKnownFileType = sourcecode.c.objc; path = FoundationTestsGlobalHeader.m; sourceTree = "<group>"; };
		6F7AF1EC0FB07FB000A69567 /* NSObjectTestCase.h */ = {isa = PBXFileReference; fileEncoding = 4; lastKnownFileType = sourcecode.c.h; path = NSObjectTestCase.h; sourceTree = "<group>"; };
		6F7AF1ED0FB07FB000A69567 /* NSObjectTestCase.m */ = {isa = PBXFileReference; fileEncoding = 4; lastKnownFileType = sourcecode.c.objc; path = NSObjectTestCase.m; sourceTree = "<group>"; };
		6F8544780FC0E64300AA9710 /* FoundationTests-iphone-Info.plist */ = {isa = PBXFileReference; lastKnownFileType = text.plist.xml; path = "FoundationTests-iphone-Info.plist"; sourceTree = "<group>"; };
		6F8544850FC0E67500AA9710 /* Unit Tests-iphone.octest */ = {isa = PBXFileReference; explicitFileType = wrapper.cfbundle; includeInIndex = 0; path = "Unit Tests-iphone.octest"; sourceTree = BUILT_PRODUCTS_DIR; };
		6F8544860FC0E67500AA9710 /* Unit Tests-iphone-Info.plist */ = {isa = PBXFileReference; lastKnownFileType = text.plist.xml; path = "Unit Tests-iphone-Info.plist"; sourceTree = "<group>"; };
		6FE1A25810CFE31C00B20B42 /* UKHelperMacros.h */ = {isa = PBXFileReference; fileEncoding = 4; lastKnownFileType = sourcecode.c.h; path = UKHelperMacros.h; sourceTree = "<group>"; };
		8DC2EF5A0486A6940098B216 /* Info.plist */ = {isa = PBXFileReference; fileEncoding = 4; lastKnownFileType = text.plist.xml; path = Info.plist; sourceTree = "<group>"; };
		8DC2EF5B0486A6940098B216 /* FoundationTests.framework */ = {isa = PBXFileReference; explicitFileType = wrapper.framework; includeInIndex = 0; path = FoundationTests.framework; sourceTree = BUILT_PRODUCTS_DIR; };
		D2F7E79907B2D74100F64583 /* CoreData.framework */ = {isa = PBXFileReference; lastKnownFileType = wrapper.framework; name = CoreData.framework; path = /System/Library/Frameworks/CoreData.framework; sourceTree = "<absolute>"; };
/* End PBXFileReference section */

/* Begin PBXFrameworksBuildPhase section */
		6F7AF1BF0FB07E1900A69567 /* Frameworks */ = {
			isa = PBXFrameworksBuildPhase;
			buildActionMask = 2147483647;
			files = (
				6F7AF1CA0FB07E4900A69567 /* Foundation.framework in Frameworks */,
				6F7AF1CC0FB07E5E00A69567 /* SenTestingKit.framework in Frameworks */,
				6F7AF1F60FB0805000A69567 /* FoundationTests.framework in Frameworks */,
			);
			runOnlyForDeploymentPostprocessing = 0;
		};
		6F8544820FC0E67500AA9710 /* Frameworks */ = {
			isa = PBXFrameworksBuildPhase;
			buildActionMask = 2147483647;
			files = (
			);
			runOnlyForDeploymentPostprocessing = 0;
		};
		8DC2EF560486A6940098B216 /* Frameworks */ = {
			isa = PBXFrameworksBuildPhase;
			buildActionMask = 2147483647;
			files = (
				8DC2EF570486A6940098B216 /* Cocoa.framework in Frameworks */,
			);
			runOnlyForDeploymentPostprocessing = 0;
		};
/* End PBXFrameworksBuildPhase section */

/* Begin PBXGroup section */
		034768DFFF38A50411DB9C8B /* Products */ = {
			isa = PBXGroup;
			children = (
				8DC2EF5B0486A6940098B216 /* FoundationTests.framework */,
				6F7AF1C20FB07E1900A69567 /* Unit Tests.octest */,
				6F8544850FC0E67500AA9710 /* Unit Tests-iphone.octest */,
			);
			name = Products;
			sourceTree = "<group>";
		};
		0867D691FE84028FC02AAC07 /* FoundationTests */ = {
			isa = PBXGroup;
			children = (
				08FB77AEFE84172EC02AAC07 /* Unit Tests */,
				32C88DFF0371C24200C91783 /* Other Sources */,
				089C1665FE841158C02AAC07 /* Resources */,
				0867D69AFE84028FC02AAC07 /* External Frameworks and Libraries */,
				034768DFFF38A50411DB9C8B /* Products */,
				6F8544780FC0E64300AA9710 /* FoundationTests-iphone-Info.plist */,
				6F8544860FC0E67500AA9710 /* Unit Tests-iphone-Info.plist */,
			);
			name = FoundationTests;
			sourceTree = "<group>";
		};
		0867D69AFE84028FC02AAC07 /* External Frameworks and Libraries */ = {
			isa = PBXGroup;
			children = (
				1058C7B0FEA5585E11CA2CBB /* Linked Frameworks */,
				6F7AF1C90FB07E4900A69567 /* Foundation.framework */,
				1058C7B2FEA5585E11CA2CBB /* Other Frameworks */,
			);
			name = "External Frameworks and Libraries";
			sourceTree = "<group>";
		};
		089C1665FE841158C02AAC07 /* Resources */ = {
			isa = PBXGroup;
			children = (
				8DC2EF5A0486A6940098B216 /* Info.plist */,
				6F7AF1C30FB07E1900A69567 /* Unit Tests-Info.plist */,
				089C1666FE841158C02AAC07 /* InfoPlist.strings */,
			);
			name = Resources;
			sourceTree = "<group>";
		};
		08FB77AEFE84172EC02AAC07 /* Unit Tests */ = {
			isa = PBXGroup;
			children = (
				6F7AF1EC0FB07FB000A69567 /* NSObjectTestCase.h */,
				6F7AF1ED0FB07FB000A69567 /* NSObjectTestCase.m */,
			);
			name = "Unit Tests";
			sourceTree = "<group>";
		};
		1058C7B0FEA5585E11CA2CBB /* Linked Frameworks */ = {
			isa = PBXGroup;
			children = (
				6F7AF1CB0FB07E5E00A69567 /* SenTestingKit.framework */,
				6F7AF1AC0FB07B1A00A69567 /* SenTestingKit.framework */,
				1058C7B1FEA5585E11CA2CBB /* Cocoa.framework */,
			);
			name = "Linked Frameworks";
			sourceTree = "<group>";
		};
		1058C7B2FEA5585E11CA2CBB /* Other Frameworks */ = {
			isa = PBXGroup;
			children = (
				0867D6A5FE840307C02AAC07 /* AppKit.framework */,
				D2F7E79907B2D74100F64583 /* CoreData.framework */,
				0867D69BFE84028FC02AAC07 /* Foundation.framework */,
			);
			name = "Other Frameworks";
			sourceTree = "<group>";
		};
		32C88DFF0371C24200C91783 /* Other Sources */ = {
			isa = PBXGroup;
			children = (
				6FE1A25810CFE31C00B20B42 /* UKHelperMacros.h */,
				6F7AF1D00FB07EAB00A69567 /* FoundationTestsGlobalHeader.h */,
				6F7AF1D10FB07EAB00A69567 /* FoundationTestsGlobalHeader.m */,
				6F7AF1B40FB07CE000A69567 /* MLog.h */,
				6F7AF1B50FB07CE000A69567 /* MLog.m */,
				32DBCF5E0370ADEE00C91783 /* FoundationTests_Prefix.pch */,
			);
			name = "Other Sources";
			sourceTree = "<group>";
		};
/* End PBXGroup section */

/* Begin PBXHeadersBuildPhase section */
		8DC2EF500486A6940098B216 /* Headers */ = {
			isa = PBXHeadersBuildPhase;
			buildActionMask = 2147483647;
			files = (
				6F7AF1B60FB07CE000A69567 /* MLog.h in Headers */,
				6F7AF1D30FB07EAB00A69567 /* FoundationTestsGlobalHeader.h in Headers */,
			);
			runOnlyForDeploymentPostprocessing = 0;
		};
/* End PBXHeadersBuildPhase section */

/* Begin PBXNativeTarget section */
		6F7AF1C10FB07E1900A69567 /* Unit Tests */ = {
			isa = PBXNativeTarget;
			buildConfigurationList = 6F7AF1C60FB07E1A00A69567 /* Build configuration list for PBXNativeTarget "Unit Tests" */;
			buildPhases = (
				6F7AF1BD0FB07E1900A69567 /* Resources */,
				6F7AF1BE0FB07E1900A69567 /* Sources */,
				6F7AF1BF0FB07E1900A69567 /* Frameworks */,
				6F7AF1C00FB07E1900A69567 /* ShellScript */,
			);
			buildRules = (
			);
			dependencies = (
				6F7AF1C80FB07E3600A69567 /* PBXTargetDependency */,
			);
			name = "Unit Tests";
			productName = "Unit Tests";
			productReference = 6F7AF1C20FB07E1900A69567 /* Unit Tests.octest */;
			productType = "com.apple.product-type.bundle";
		};
		6F8544840FC0E67500AA9710 /* Unit Tests-iphone */ = {
			isa = PBXNativeTarget;
			buildConfigurationList = 6F8544890FC0E67600AA9710 /* Build configuration list for PBXNativeTarget "Unit Tests-iphone" */;
			buildPhases = (
				6F8544800FC0E67500AA9710 /* Resources */,
				6F8544810FC0E67500AA9710 /* Sources */,
				6F8544820FC0E67500AA9710 /* Frameworks */,
				6F8544830FC0E67500AA9710 /* ShellScript */,
			);
			buildRules = (
			);
			dependencies = (
				6F85448B0FC0E67F00AA9710 /* PBXTargetDependency */,
			);
			name = "Unit Tests-iphone";
			productName = "Unit Tests-iphone";
			productReference = 6F8544850FC0E67500AA9710 /* Unit Tests-iphone.octest */;
			productType = "com.apple.product-type.bundle";
		};
		8DC2EF4F0486A6940098B216 /* FoundationTests */ = {
			isa = PBXNativeTarget;
			buildConfigurationList = 1DEB91AD08733DA50010E9CD /* Build configuration list for PBXNativeTarget "FoundationTests" */;
			buildPhases = (
				8DC2EF500486A6940098B216 /* Headers */,
				8DC2EF520486A6940098B216 /* Resources */,
				8DC2EF540486A6940098B216 /* Sources */,
				8DC2EF560486A6940098B216 /* Frameworks */,
			);
			buildRules = (
			);
			dependencies = (
			);
			name = FoundationTests;
			productInstallPath = "$(HOME)/Library/Frameworks";
			productName = FoundationTests;
			productReference = 8DC2EF5B0486A6940098B216 /* FoundationTests.framework */;
			productType = "com.apple.product-type.framework";
		};
/* End PBXNativeTarget section */

/* Begin PBXProject section */
		0867D690FE84028FC02AAC07 /* Project object */ = {
			isa = PBXProject;
			buildConfigurationList = 1DEB91B108733DA50010E9CD /* Build configuration list for PBXProject "FoundationTests" */;
			compatibilityVersion = "Xcode 3.1";
			hasScannedForEncodings = 1;
			mainGroup = 0867D691FE84028FC02AAC07 /* FoundationTests */;
			productRefGroup = 034768DFFF38A50411DB9C8B /* Products */;
			projectDirPath = "";
			projectRoot = "";
			targets = (
				8DC2EF4F0486A6940098B216 /* FoundationTests */,
				6F7AF1C10FB07E1900A69567 /* Unit Tests */,
				6F8544840FC0E67500AA9710 /* Unit Tests-iphone */,
			);
		};
/* End PBXProject section */

/* Begin PBXResourcesBuildPhase section */
		6F7AF1BD0FB07E1900A69567 /* Resources */ = {
			isa = PBXResourcesBuildPhase;
			buildActionMask = 2147483647;
			files = (
			);
			runOnlyForDeploymentPostprocessing = 0;
		};
		6F8544800FC0E67500AA9710 /* Resources */ = {
			isa = PBXResourcesBuildPhase;
			buildActionMask = 2147483647;
			files = (
			);
			runOnlyForDeploymentPostprocessing = 0;
		};
		8DC2EF520486A6940098B216 /* Resources */ = {
			isa = PBXResourcesBuildPhase;
			buildActionMask = 2147483647;
			files = (
				8DC2EF530486A6940098B216 /* InfoPlist.strings in Resources */,
			);
			runOnlyForDeploymentPostprocessing = 0;
		};
/* End PBXResourcesBuildPhase section */

/* Begin PBXShellScriptBuildPhase section */
		6F7AF1C00FB07E1900A69567 /* ShellScript */ = {
			isa = PBXShellScriptBuildPhase;
			buildActionMask = 2147483647;
			files = (
			);
			inputPaths = (
			);
			outputPaths = (
			);
			runOnlyForDeploymentPostprocessing = 0;
			shellPath = /bin/sh;
			shellScript = "# Run the unit tests in this test bundle.\n\"${SYSTEM_DEVELOPER_DIR}/Tools/RunUnitTests\"\n";
		};
		6F8544830FC0E67500AA9710 /* ShellScript */ = {
			isa = PBXShellScriptBuildPhase;
			buildActionMask = 2147483647;
			files = (
			);
			inputPaths = (
			);
			outputPaths = (
			);
			runOnlyForDeploymentPostprocessing = 0;
			shellPath = /bin/sh;
			shellScript = "# Run the unit tests in this test bundle.\n\"${SYSTEM_DEVELOPER_DIR}/Tools/RunUnitTests\"\n";
		};
/* End PBXShellScriptBuildPhase section */

/* Begin PBXSourcesBuildPhase section */
		6F7AF1BE0FB07E1900A69567 /* Sources */ = {
			isa = PBXSourcesBuildPhase;
			buildActionMask = 2147483647;
			files = (
				6F7AF1CF0FB07E8200A69567 /* MLog.m in Sources */,
				6F7AF1D20FB07EAB00A69567 /* FoundationTestsGlobalHeader.m in Sources */,
				6F7AF1EE0FB07FB000A69567 /* NSObjectTestCase.m in Sources */,
			);
			runOnlyForDeploymentPostprocessing = 0;
		};
		6F8544810FC0E67500AA9710 /* Sources */ = {
			isa = PBXSourcesBuildPhase;
			buildActionMask = 2147483647;
			files = (
			);
			runOnlyForDeploymentPostprocessing = 0;
		};
		8DC2EF540486A6940098B216 /* Sources */ = {
			isa = PBXSourcesBuildPhase;
			buildActionMask = 2147483647;
			files = (
				6F7AF1B70FB07CE000A69567 /* MLog.m in Sources */,
				6F7AF1D40FB07EAB00A69567 /* FoundationTestsGlobalHeader.m in Sources */,
			);
			runOnlyForDeploymentPostprocessing = 0;
		};
/* End PBXSourcesBuildPhase section */

/* Begin PBXTargetDependency section */
		6F7AF1C80FB07E3600A69567 /* PBXTargetDependency */ = {
			isa = PBXTargetDependency;
			target = 8DC2EF4F0486A6940098B216 /* FoundationTests */;
			targetProxy = 6F7AF1C70FB07E3600A69567 /* PBXContainerItemProxy */;
		};
		6F85448B0FC0E67F00AA9710 /* PBXTargetDependency */ = {
			isa = PBXTargetDependency;
			target = 8DC2EF4F0486A6940098B216 /* FoundationTests */;
			targetProxy = 6F85448A0FC0E67F00AA9710 /* PBXContainerItemProxy */;
		};
/* End PBXTargetDependency section */

/* Begin PBXVariantGroup section */
		089C1666FE841158C02AAC07 /* InfoPlist.strings */ = {
			isa = PBXVariantGroup;
			children = (
				089C1667FE841158C02AAC07 /* English */,
			);
			name = InfoPlist.strings;
			sourceTree = "<group>";
		};
/* End PBXVariantGroup section */

/* Begin XCBuildConfiguration section */
		1DEB91AE08733DA50010E9CD /* Debug */ = {
			isa = XCBuildConfiguration;
			buildSettings = {
				ALWAYS_SEARCH_USER_PATHS = NO;
				COPY_PHASE_STRIP = NO;
				DYLIB_COMPATIBILITY_VERSION = 1;
				DYLIB_CURRENT_VERSION = 1;
				FRAMEWORK_SEARCH_PATHS = (
					"$(inherited)",
					"\"$(DEVELOPER_FRAMEWORKS_DIR)\"",
				);
				FRAMEWORK_VERSION = A;
				GCC_DYNAMIC_NO_PIC = NO;
				GCC_ENABLE_FIX_AND_CONTINUE = YES;
				GCC_MODEL_TUNING = G5;
				GCC_OPTIMIZATION_LEVEL = 0;
				GCC_PRECOMPILE_PREFIX_HEADER = YES;
				GCC_PREFIX_HEADER = FoundationTests_Prefix.pch;
				INFOPLIST_FILE = Info.plist;
				INSTALL_PATH = "$(HOME)/Library/Frameworks";
				PRODUCT_NAME = FoundationTests;
				WRAPPER_EXTENSION = framework;
			};
			name = Debug;
		};
		1DEB91AF08733DA50010E9CD /* Release */ = {
			isa = XCBuildConfiguration;
			buildSettings = {
				ALWAYS_SEARCH_USER_PATHS = NO;
				DEBUG_INFORMATION_FORMAT = "dwarf-with-dsym";
				DYLIB_COMPATIBILITY_VERSION = 1;
				DYLIB_CURRENT_VERSION = 1;
				FRAMEWORK_SEARCH_PATHS = (
					"$(inherited)",
					"\"$(DEVELOPER_FRAMEWORKS_DIR)\"",
				);
				FRAMEWORK_VERSION = A;
				GCC_MODEL_TUNING = G5;
				GCC_PRECOMPILE_PREFIX_HEADER = YES;
				GCC_PREFIX_HEADER = FoundationTests_Prefix.pch;
				INFOPLIST_FILE = Info.plist;
				INSTALL_PATH = "$(HOME)/Library/Frameworks";
				PRODUCT_NAME = FoundationTests;
				WRAPPER_EXTENSION = framework;
			};
			name = Release;
		};
		1DEB91B208733DA50010E9CD /* Debug */ = {
			isa = XCBuildConfiguration;
			buildSettings = {
				ARCHS = "$(ARCHS_STANDARD_32_BIT)";
				GCC_C_LANGUAGE_STANDARD = c99;
				GCC_OPTIMIZATION_LEVEL = 0;
				GCC_WARN_ABOUT_RETURN_TYPE = YES;
				GCC_WARN_UNUSED_VARIABLE = YES;
				ONLY_ACTIVE_ARCH = YES;
				PREBINDING = NO;
				SDKROOT = macosx10.5;
			};
			name = Debug;
		};
		1DEB91B308733DA50010E9CD /* Release */ = {
			isa = XCBuildConfiguration;
			buildSettings = {
				ARCHS = "$(ARCHS_STANDARD_32_BIT)";
				GCC_C_LANGUAGE_STANDARD = c99;
				GCC_WARN_ABOUT_RETURN_TYPE = YES;
				GCC_WARN_UNUSED_VARIABLE = YES;
				PREBINDING = NO;
				SDKROOT = macosx10.5;
			};
			name = Release;
		};
		6F7AF1C40FB07E1A00A69567 /* Debug */ = {
			isa = XCBuildConfiguration;
			buildSettings = {
				ALWAYS_SEARCH_USER_PATHS = NO;
				COPY_PHASE_STRIP = NO;
				FRAMEWORK_SEARCH_PATHS = "$(DEVELOPER_LIBRARY_DIR)/Frameworks";
				GCC_DYNAMIC_NO_PIC = NO;
				GCC_ENABLE_FIX_AND_CONTINUE = NO;
				GCC_ENABLE_OBJC_EXCEPTIONS = YES;
				GCC_MODEL_TUNING = G5;
				GCC_OPTIMIZATION_LEVEL = 0;
				GCC_PRECOMPILE_PREFIX_HEADER = YES;
				GCC_PREFIX_HEADER = "$(SYSTEM_LIBRARY_DIR)/Frameworks/Cocoa.framework/Headers/Cocoa.h";
				INFOPLIST_FILE = "Unit Tests-Info.plist";
				INSTALL_PATH = "$(USER_LIBRARY_DIR)/Bundles";
				OTHER_LDFLAGS = (
					"-framework",
					Cocoa,
					"-framework",
					SenTestingKit,
				);
				PREBINDING = NO;
				PRODUCT_NAME = "Unit Tests";
				WRAPPER_EXTENSION = octest;
			};
			name = Debug;
		};
		6F7AF1C50FB07E1A00A69567 /* Release */ = {
			isa = XCBuildConfiguration;
			buildSettings = {
				ALWAYS_SEARCH_USER_PATHS = NO;
				COPY_PHASE_STRIP = YES;
				DEBUG_INFORMATION_FORMAT = "dwarf-with-dsym";
				FRAMEWORK_SEARCH_PATHS = "$(DEVELOPER_LIBRARY_DIR)/Frameworks";
				GCC_ENABLE_FIX_AND_CONTINUE = NO;
				GCC_ENABLE_OBJC_EXCEPTIONS = YES;
				GCC_MODEL_TUNING = G5;
				GCC_PRECOMPILE_PREFIX_HEADER = YES;
				GCC_PREFIX_HEADER = "$(SYSTEM_LIBRARY_DIR)/Frameworks/Cocoa.framework/Headers/Cocoa.h";
				INFOPLIST_FILE = "Unit Tests-Info.plist";
				INSTALL_PATH = "$(USER_LIBRARY_DIR)/Bundles";
				OTHER_LDFLAGS = (
					"-framework",
					Cocoa,
					"-framework",
					SenTestingKit,
				);
				PREBINDING = NO;
				PRODUCT_NAME = "Unit Tests";
				WRAPPER_EXTENSION = octest;
				ZERO_LINK = NO;
			};
			name = Release;
		};
		6F8544870FC0E67600AA9710 /* Debug */ = {
			isa = XCBuildConfiguration;
			buildSettings = {
				ALWAYS_SEARCH_USER_PATHS = NO;
				COPY_PHASE_STRIP = NO;
				FRAMEWORK_SEARCH_PATHS = "$(DEVELOPER_LIBRARY_DIR)/Frameworks";
				GCC_DYNAMIC_NO_PIC = NO;
				GCC_ENABLE_FIX_AND_CONTINUE = NO;
				GCC_ENABLE_OBJC_EXCEPTIONS = YES;
				GCC_MODEL_TUNING = G5;
				GCC_OPTIMIZATION_LEVEL = 0;
				GCC_PRECOMPILE_PREFIX_HEADER = YES;
				GCC_PREFIX_HEADER = "$(SYSTEM_LIBRARY_DIR)/Frameworks/Cocoa.framework/Headers/Cocoa.h";
				INFOPLIST_FILE = "Unit Tests-iphone-Info.plist";
				INSTALL_PATH = "$(USER_LIBRARY_DIR)/Bundles";
				OTHER_LDFLAGS = (
					"-framework",
					Cocoa,
					"-framework",
					SenTestingKit,
				);
				PREBINDING = NO;
				PRODUCT_NAME = "Unit Tests-iphone";
				WRAPPER_EXTENSION = octest;
			};
			name = Debug;
		};
		6F8544880FC0E67600AA9710 /* Release */ = {
			isa = XCBuildConfiguration;
			buildSettings = {
				ALWAYS_SEARCH_USER_PATHS = NO;
				COPY_PHASE_STRIP = YES;
				DEBUG_INFORMATION_FORMAT = "dwarf-with-dsym";
				FRAMEWORK_SEARCH_PATHS = "$(DEVELOPER_LIBRARY_DIR)/Frameworks";
				GCC_ENABLE_FIX_AND_CONTINUE = NO;
				GCC_ENABLE_OBJC_EXCEPTIONS = YES;
				GCC_MODEL_TUNING = G5;
				GCC_PRECOMPILE_PREFIX_HEADER = YES;
				GCC_PREFIX_HEADER = "$(SYSTEM_LIBRARY_DIR)/Frameworks/Cocoa.framework/Headers/Cocoa.h";
				INFOPLIST_FILE = "Unit Tests-iphone-Info.plist";
				INSTALL_PATH = "$(USER_LIBRARY_DIR)/Bundles";
				OTHER_LDFLAGS = (
					"-framework",
					Cocoa,
					"-framework",
					SenTestingKit,
				);
				PREBINDING = NO;
				PRODUCT_NAME = "Unit Tests-iphone";
				WRAPPER_EXTENSION = octest;
				ZERO_LINK = NO;
			};
			name = Release;
		};
/* End XCBuildConfiguration section */

/* Begin XCConfigurationList section */
		1DEB91AD08733DA50010E9CD /* Build configuration list for PBXNativeTarget "FoundationTests" */ = {
			isa = XCConfigurationList;
			buildConfigurations = (
				1DEB91AE08733DA50010E9CD /* Debug */,
				1DEB91AF08733DA50010E9CD /* Release */,
			);
			defaultConfigurationIsVisible = 0;
			defaultConfigurationName = Release;
		};
		1DEB91B108733DA50010E9CD /* Build configuration list for PBXProject "FoundationTests" */ = {
			isa = XCConfigurationList;
			buildConfigurations = (
				1DEB91B208733DA50010E9CD /* Debug */,
				1DEB91B308733DA50010E9CD /* Release */,
			);
			defaultConfigurationIsVisible = 0;
			defaultConfigurationName = Release;
		};
		6F7AF1C60FB07E1A00A69567 /* Build configuration list for PBXNativeTarget "Unit Tests" */ = {
			isa = XCConfigurationList;
			buildConfigurations = (
				6F7AF1C40FB07E1A00A69567 /* Debug */,
				6F7AF1C50FB07E1A00A69567 /* Release */,
			);
			defaultConfigurationIsVisible = 0;
			defaultConfigurationName = Release;
		};
		6F8544890FC0E67600AA9710 /* Build configuration list for PBXNativeTarget "Unit Tests-iphone" */ = {
			isa = XCConfigurationList;
			buildConfigurations = (
				6F8544870FC0E67600AA9710 /* Debug */,
				6F8544880FC0E67600AA9710 /* Release */,
			);
			defaultConfigurationIsVisible = 0;
			defaultConfigurationName = Release;
		};
/* End XCConfigurationList section */
	};
	rootObject = 0867D690FE84028FC02AAC07 /* Project object */;
}
